{
    "_readme": [
        "This file locks the dependencies of your project to a known state",
        "Read more about it at http://getcomposer.org/doc/01-basic-usage.md#composer-lock-the-lock-file",
        "This file is @generated automatically"
    ],
    "hash": "d8faaed508c04f54563c63186678e081",
    "packages": [
        {
            "name": "filp/whoops",
            "version": "1.1.5",
            "source": {
                "type": "git",
                "url": "https://github.com/filp/whoops.git",
                "reference": "c982fe62c44798c433229cb0425c61b487cc1883"
            },
            "dist": {
                "type": "zip",
                "url": "https://api.github.com/repos/filp/whoops/zipball/c982fe62c44798c433229cb0425c61b487cc1883",
                "reference": "c982fe62c44798c433229cb0425c61b487cc1883",
                "shasum": ""
            },
            "require": {
                "php": ">=5.3.0"
            },
            "require-dev": {
                "mockery/mockery": "0.9.*"
            },
            "type": "library",
            "extra": {
                "branch-alias": {
                    "dev-master": "1.2-dev"
                }
            },
            "autoload": {
                "psr-0": {
                    "Whoops": "src/"
                },
                "classmap": [
                    "src/deprecated"
                ]
            },
            "notification-url": "https://packagist.org/downloads/",
            "license": [
                "MIT"
            ],
            "authors": [
                {
                    "name": "Filipe Dobreira",
                    "homepage": "https://github.com/filp",
                    "role": "Developer"
                }
            ],
            "description": "php error handling for cool kids",
            "homepage": "https://github.com/filp/whoops",
            "keywords": [
                "error",
                "exception",
                "handling",
                "library",
                "silex-provider",
                "whoops",
                "zf2"
            ],
            "time": "2015-03-30 15:26:59"
        },
        {
            "name": "maximebf/debugbar",
            "version": "v1.10.4",
            "source": {
                "type": "git",
                "url": "https://github.com/maximebf/php-debugbar.git",
                "reference": "7b2006e6e095126b5a061ec33fca3d90ea8a8219"
            },
            "dist": {
                "type": "zip",
                "url": "https://api.github.com/repos/maximebf/php-debugbar/zipball/7b2006e6e095126b5a061ec33fca3d90ea8a8219",
                "reference": "7b2006e6e095126b5a061ec33fca3d90ea8a8219",
                "shasum": ""
            },
            "require": {
                "php": ">=5.3.0",
                "psr/log": "~1.0",
                "symfony/var-dumper": "~2.6"
            },
            "require-dev": {
                "phpunit/phpunit": "~4.0"
            },
            "suggest": {
                "kriswallsmith/assetic": "The best way to manage assets",
                "monolog/monolog": "Log using Monolog",
                "predis/predis": "Redis storage"
            },
            "type": "library",
            "extra": {
                "branch-alias": {
                    "dev-master": "1.10-dev"
                }
            },
            "autoload": {
                "psr-0": {
                    "DebugBar": "src/"
                }
            },
            "notification-url": "https://packagist.org/downloads/",
            "license": [
                "MIT"
            ],
            "authors": [
                {
                    "name": "Maxime Bouroumeau-Fuseau",
                    "email": "maxime.bouroumeau@gmail.com",
                    "homepage": "http://maximebf.com"
                }
            ],
            "description": "Debug bar in the browser for php application",
            "homepage": "https://github.com/maximebf/php-debugbar",
            "keywords": [
                "debug"
            ],
            "time": "2015-02-05 07:51:20"
        },
        {
            "name": "psr/log",
            "version": "1.0.0",
            "source": {
                "type": "git",
                "url": "https://github.com/php-fig/log.git",
                "reference": "fe0936ee26643249e916849d48e3a51d5f5e278b"
            },
            "dist": {
                "type": "zip",
                "url": "https://api.github.com/repos/php-fig/log/zipball/fe0936ee26643249e916849d48e3a51d5f5e278b",
                "reference": "fe0936ee26643249e916849d48e3a51d5f5e278b",
                "shasum": ""
            },
            "type": "library",
            "autoload": {
                "psr-0": {
                    "Psr\\Log\\": ""
                }
            },
            "notification-url": "https://packagist.org/downloads/",
            "license": [
                "MIT"
            ],
            "authors": [
                {
                    "name": "PHP-FIG",
                    "homepage": "http://www.php-fig.org/"
                }
            ],
            "description": "Common interface for logging libraries",
            "keywords": [
                "log",
                "psr",
                "psr-3"
            ],
            "time": "2012-12-21 11:40:51"
        },
        {
            "name": "symfony/var-dumper",
            "version": "v2.6.6",
            "target-dir": "Symfony/Component/VarDumper",
            "source": {
                "type": "git",
                "url": "https://github.com/symfony/var-dumper.git",
                "reference": "aafae00236e147568832de3c65ccb94cfc836278"
            },
            "dist": {
                "type": "zip",
                "url": "https://api.github.com/repos/symfony/var-dumper/zipball/aafae00236e147568832de3c65ccb94cfc836278",
                "reference": "aafae00236e147568832de3c65ccb94cfc836278",
                "shasum": ""
            },
            "require": {
                "php": ">=5.3.3"
            },
            "require-dev": {
                "symfony/phpunit-bridge": "~2.7"
            },
            "suggest": {
                "ext-symfony_debug": ""
            },
            "type": "library",
            "extra": {
                "branch-alias": {
                    "dev-master": "2.6-dev"
                }
            },
            "autoload": {
                "files": [
                    "Resources/functions/dump.php"
                ],
                "psr-0": {
                    "Symfony\\Component\\VarDumper\\": ""
                }
            },
            "notification-url": "https://packagist.org/downloads/",
            "license": [
                "MIT"
            ],
            "authors": [
                {
                    "name": "Symfony Community",
                    "homepage": "http://symfony.com/contributors"
                },
                {
                    "name": "Nicolas Grekas",
                    "email": "p@tchwork.com"
                }
            ],
            "description": "Symfony mechanism for exploring and dumping PHP variables",
            "homepage": "http://symfony.com",
            "keywords": [
                "debug",
                "dump"
            ],
            "time": "2015-03-31 08:12:29"
        }
    ],
    "packages-dev": [],
    "aliases": [],
    "minimum-stability": "stable",
    "stability-flags": [],
    "prefer-stable": false,
    "prefer-lowest": false,
    "platform": [],
    "platform-dev": []
}
